// !$*UTF8*$!
{
	archiveVersion = 1;
	classes = {
	};
	objectVersion = 50;
	objects = {

/* Begin PBXBuildFile section */
		1A41FA4A24229C35003CCE14 /* AppDelegate.swift in Sources */ = {isa = PBXBuildFile; fileRef = 1A41FA4924229C35003CCE14 /* AppDelegate.swift */; };
		1A41FA4C24229C35003CCE14 /* SceneDelegate.swift in Sources */ = {isa = PBXBuildFile; fileRef = 1A41FA4B24229C35003CCE14 /* SceneDelegate.swift */; };
		1A41FA4E24229C35003CCE14 /* ViewController.swift in Sources */ = {isa = PBXBuildFile; fileRef = 1A41FA4D24229C35003CCE14 /* ViewController.swift */; };
		1A41FA5124229C35003CCE14 /* Main.storyboard in Resources */ = {isa = PBXBuildFile; fileRef = 1A41FA4F24229C35003CCE14 /* Main.storyboard */; };
		1A41FA5324229C36003CCE14 /* Assets.xcassets in Resources */ = {isa = PBXBuildFile; fileRef = 1A41FA5224229C36003CCE14 /* Assets.xcassets */; };
		1A41FA5624229C36003CCE14 /* LaunchScreen.storyboard in Resources */ = {isa = PBXBuildFile; fileRef = 1A41FA5424229C36003CCE14 /* LaunchScreen.storyboard */; };
		1A41FA6124229C36003CCE14 /* NoteAppTests.swift in Sources */ = {isa = PBXBuildFile; fileRef = 1A41FA6024229C36003CCE14 /* NoteAppTests.swift */; };
		1A41FA6C24229C36003CCE14 /* NoteAppUITests.swift in Sources */ = {isa = PBXBuildFile; fileRef = 1A41FA6B24229C36003CCE14 /* NoteAppUITests.swift */; };
		1A41FA7A24229CCF003CCE14 /* NoteViewController.swift in Sources */ = {isa = PBXBuildFile; fileRef = 1A41FA7924229CCF003CCE14 /* NoteViewController.swift */; };
		1A41FA7C24229CDB003CCE14 /* EntryViewController.swift in Sources */ = {isa = PBXBuildFile; fileRef = 1A41FA7B24229CDB003CCE14 /* EntryViewController.swift */; };
/* End PBXBuildFile section */

/* Begin PBXContainerItemProxy section */
		1A41FA5D24229C36003CCE14 /* PBXContainerItemProxy */ = {
			isa = PBXContainerItemProxy;
			containerPortal = 1A41FA3E24229C35003CCE14 /* Project object */;
			proxyType = 1;
			remoteGlobalIDString = 1A41FA4524229C35003CCE14;
			remoteInfo = NoteApp;
		};
		1A41FA6824229C36003CCE14 /* PBXContainerItemProxy */ = {
			isa = PBXContainerItemProxy;
			containerPortal = 1A41FA3E24229C35003CCE14 /* Project object */;
			proxyType = 1;
			remoteGlobalIDString = 1A41FA4524229C35003CCE14;
			remoteInfo = NoteApp;
		};
/* End PBXContainerItemProxy section */

/* Begin PBXFileReference section */
		1A41FA4624229C35003CCE14 /* NoteApp.app */ = {isa = PBXFileReference; explicitFileType = wrapper.application; includeInIndex = 0; path = NoteApp.app; sourceTree = BUILT_PRODUCTS_DIR; };
		1A41FA4924229C35003CCE14 /* AppDelegate.swift */ = {isa = PBXFileReference; lastKnownFileType = sourcecode.swift; path = AppDelegate.swift; sourceTree = "<group>"; };
		1A41FA4B24229C35003CCE14 /* SceneDelegate.swift */ = {isa = PBXFileReference; lastKnownFileType = sourcecode.swift; path = SceneDelegate.swift; sourceTree = "<group>"; };
		1A41FA4D24229C35003CCE14 /* ViewController.swift */ = {isa = PBXFileReference; lastKnownFileType = sourcecode.swift; path = ViewController.swift; sourceTree = "<group>"; };
		1A41FA5024229C35003CCE14 /* Base */ = {isa = PBXFileReference; lastKnownFileType = file.storyboard; name = Base; path = Base.lproj/Main.storyboard; sourceTree = "<group>"; };
		1A41FA5224229C36003CCE14 /* Assets.xcassets */ = {isa = PBXFileReference; lastKnownFileType = folder.assetcatalog; path = Assets.xcassets; sourceTree = "<group>"; };
		1A41FA5524229C36003CCE14 /* Base */ = {isa = PBXFileReference; lastKnownFileType = file.storyboard; name = Base; path = Base.lproj/LaunchScreen.storyboard; sourceTree = "<group>"; };
		1A41FA5724229C36003CCE14 /* Info.plist */ = {isa = PBXFileReference; lastKnownFileType = text.plist.xml; path = Info.plist; sourceTree = "<group>"; };
		1A41FA5C24229C36003CCE14 /* NoteAppTests.xctest */ = {isa = PBXFileReference; explicitFileType = wrapper.cfbundle; includeInIndex = 0; path = NoteAppTests.xctest; sourceTree = BUILT_PRODUCTS_DIR; };
		1A41FA6024229C36003CCE14 /* NoteAppTests.swift */ = {isa = PBXFileReference; lastKnownFileType = sourcecode.swift; path = NoteAppTests.swift; sourceTree = "<group>"; };
		1A41FA6224229C36003CCE14 /* Info.plist */ = {isa = PBXFileReference; lastKnownFileType = text.plist.xml; path = Info.plist; sourceTree = "<group>"; };
		1A41FA6724229C36003CCE14 /* NoteAppUITests.xctest */ = {isa = PBXFileReference; explicitFileType = wrapper.cfbundle; includeInIndex = 0; path = NoteAppUITests.xctest; sourceTree = BUILT_PRODUCTS_DIR; };
		1A41FA6B24229C36003CCE14 /* NoteAppUITests.swift */ = {isa = PBXFileReference; lastKnownFileType = sourcecode.swift; path = NoteAppUITests.swift; sourceTree = "<group>"; };
		1A41FA6D24229C36003CCE14 /* Info.plist */ = {isa = PBXFileReference; lastKnownFileType = text.plist.xml; path = Info.plist; sourceTree = "<group>"; };
		1A41FA7924229CCF003CCE14 /* NoteViewController.swift */ = {isa = PBXFileReference; lastKnownFileType = sourcecode.swift; path = NoteViewController.swift; sourceTree = "<group>"; };
		1A41FA7B24229CDB003CCE14 /* EntryViewController.swift */ = {isa = PBXFileReference; lastKnownFileType = sourcecode.swift; path = EntryViewController.swift; sourceTree = "<group>"; };
/* End PBXFileReference section */

/* Begin PBXFrameworksBuildPhase section */
		1A41FA4324229C35003CCE14 /* Frameworks */ = {
			isa = PBXFrameworksBuildPhase;
			buildActionMask = 2147483647;
			files = (
			);
			runOnlyForDeploymentPostprocessing = 0;
		};
		1A41FA5924229C36003CCE14 /* Frameworks */ = {
			isa = PBXFrameworksBuildPhase;
			buildActionMask = 2147483647;
			files = (
			);
			runOnlyForDeploymentPostprocessing = 0;
		};
		1A41FA6424229C36003CCE14 /* Frameworks */ = {
			isa = PBXFrameworksBuildPhase;
			buildActionMask = 2147483647;
			files = (
			);
			runOnlyForDeploymentPostprocessing = 0;
		};
/* End PBXFrameworksBuildPhase section */

/* Begin PBXGroup section */
		1A41FA3D24229C35003CCE14 = {
			isa = PBXGroup;
			children = (
				1A41FA4824229C35003CCE14 /* NoteApp */,
				1A41FA5F24229C36003CCE14 /* NoteAppTests */,
				1A41FA6A24229C36003CCE14 /* NoteAppUITests */,
				1A41FA4724229C35003CCE14 /* Products */,
			);
			sourceTree = "<group>";
		};
		1A41FA4724229C35003CCE14 /* Products */ = {
			isa = PBXGroup;
			children = (
				1A41FA4624229C35003CCE14 /* NoteApp.app */,
				1A41FA5C24229C36003CCE14 /* NoteAppTests.xctest */,
				1A41FA6724229C36003CCE14 /* NoteAppUITests.xctest */,
			);
			name = Products;
			sourceTree = "<group>";
		};
		1A41FA4824229C35003CCE14 /* NoteApp */ = {
			isa = PBXGroup;
			children = (
				1A41FA4924229C35003CCE14 /* AppDelegate.swift */,
				1A41FA4B24229C35003CCE14 /* SceneDelegate.swift */,
				1A41FA4D24229C35003CCE14 /* ViewController.swift */,
				1A41FA4F24229C35003CCE14 /* Main.storyboard */,
				1A41FA5224229C36003CCE14 /* Assets.xcassets */,
				1A41FA5424229C36003CCE14 /* LaunchScreen.storyboard */,
				1A41FA5724229C36003CCE14 /* Info.plist */,
				1A41FA7924229CCF003CCE14 /* NoteViewController.swift */,
				1A41FA7B24229CDB003CCE14 /* EntryViewController.swift */,
			);
			path = NoteApp;
			sourceTree = "<group>";
		};
		1A41FA5F24229C36003CCE14 /* NoteAppTests */ = {
			isa = PBXGroup;
			children = (
				1A41FA6024229C36003CCE14 /* NoteAppTests.swift */,
				1A41FA6224229C36003CCE14 /* Info.plist */,
			);
			path = NoteAppTests;
			sourceTree = "<group>";
		};
		1A41FA6A24229C36003CCE14 /* NoteAppUITests */ = {
			isa = PBXGroup;
			children = (
				1A41FA6B24229C36003CCE14 /* NoteAppUITests.swift */,
				1A41FA6D24229C36003CCE14 /* Info.plist */,
			);
			path = NoteAppUITests;
			sourceTree = "<group>";
		};
/* End PBXGroup section */

/* Begin PBXNativeTarget section */
		1A41FA4524229C35003CCE14 /* NoteApp */ = {
			isa = PBXNativeTarget;
			buildConfigurationList = 1A41FA7024229C36003CCE14 /* Build configuration list for PBXNativeTarget "NoteApp" */;
			buildPhases = (
				1A41FA4224229C35003CCE14 /* Sources */,
				1A41FA4324229C35003CCE14 /* Frameworks */,
				1A41FA4424229C35003CCE14 /* Resources */,
			);
			buildRules = (
			);
			dependencies = (
			);
			name = NoteApp;
			productName = NoteApp;
			productReference = 1A41FA4624229C35003CCE14 /* NoteApp.app */;
			productType = "com.apple.product-type.application";
		};
		1A41FA5B24229C36003CCE14 /* NoteAppTests */ = {
			isa = PBXNativeTarget;
			buildConfigurationList = 1A41FA7324229C36003CCE14 /* Build configuration list for PBXNativeTarget "NoteAppTests" */;
			buildPhases = (
				1A41FA5824229C36003CCE14 /* Sources */,
				1A41FA5924229C36003CCE14 /* Frameworks */,
				1A41FA5A24229C36003CCE14 /* Resources */,
			);
			buildRules = (
			);
			dependencies = (
				1A41FA5E24229C36003CCE14 /* PBXTargetDependency */,
			);
			name = NoteAppTests;
			productName = NoteAppTests;
			productReference = 1A41FA5C24229C36003CCE14 /* NoteAppTests.xctest */;
			productType = "com.apple.product-type.bundle.unit-test";
		};
		1A41FA6624229C36003CCE14 /* NoteAppUITests */ = {
			isa = PBXNativeTarget;
			buildConfigurationList = 1A41FA7624229C36003CCE14 /* Build configuration list for PBXNativeTarget "NoteAppUITests" */;
			buildPhases = (
				1A41FA6324229C36003CCE14 /* Sources */,
				1A41FA6424229C36003CCE14 /* Frameworks */,
				1A41FA6524229C36003CCE14 /* Resources */,
			);
			buildRules = (
			);
			dependencies = (
				1A41FA6924229C36003CCE14 /* PBXTargetDependency */,
			);
			name = NoteAppUITests;
			productName = NoteAppUITests;
			productReference = 1A41FA6724229C36003CCE14 /* NoteAppUITests.xctest */;
			productType = "com.apple.product-type.bundle.ui-testing";
		};
/* End PBXNativeTarget section */

/* Begin PBXProject section */
		1A41FA3E24229C35003CCE14 /* Project object */ = {
			isa = PBXProject;
			attributes = {
				LastSwiftUpdateCheck = 1130;
				LastUpgradeCheck = 1130;
				ORGANIZATIONNAME = "Osman Kahya";
				TargetAttributes = {
					1A41FA4524229C35003CCE14 = {
						CreatedOnToolsVersion = 11.3.1;
					};
					1A41FA5B24229C36003CCE14 = {
						CreatedOnToolsVersion = 11.3.1;
						TestTargetID = 1A41FA4524229C35003CCE14;
					};
					1A41FA6624229C36003CCE14 = {
						CreatedOnToolsVersion = 11.3.1;
						TestTargetID = 1A41FA4524229C35003CCE14;
					};
				};
			};
			buildConfigurationList = 1A41FA4124229C35003CCE14 /* Build configuration list for PBXProject "NoteApp" */;
			compatibilityVersion = "Xcode 9.3";
			developmentRegion = en;
			hasScannedForEncodings = 0;
			knownRegions = (
				en,
				Base,
			);
			mainGroup = 1A41FA3D24229C35003CCE14;
			productRefGroup = 1A41FA4724229C35003CCE14 /* Products */;
			projectDirPath = "";
			projectRoot = "";
			targets = (
				1A41FA4524229C35003CCE14 /* NoteApp */,
				1A41FA5B24229C36003CCE14 /* NoteAppTests */,
				1A41FA6624229C36003CCE14 /* NoteAppUITests */,
			);
		};
/* End PBXProject section */

/* Begin PBXResourcesBuildPhase section */
		1A41FA4424229C35003CCE14 /* Resources */ = {
			isa = PBXResourcesBuildPhase;
			buildActionMask = 2147483647;
			files = (
				1A41FA5624229C36003CCE14 /* LaunchScreen.storyboard in Resources */,
				1A41FA5324229C36003CCE14 /* Assets.xcassets in Resources */,
				1A41FA5124229C35003CCE14 /* Main.storyboard in Resources */,
			);
			runOnlyForDeploymentPostprocessing = 0;
		};
		1A41FA5A24229C36003CCE14 /* Resources */ = {
			isa = PBXResourcesBuildPhase;
			buildActionMask = 2147483647;
			files = (
			);
			runOnlyForDeploymentPostprocessing = 0;
		};
		1A41FA6524229C36003CCE14 /* Resources */ = {
			isa = PBXResourcesBuildPhase;
			buildActionMask = 2147483647;
			files = (
			);
			runOnlyForDeploymentPostprocessing = 0;
		};
/* End PBXResourcesBuildPhase section */

/* Begin PBXSourcesBuildPhase section */
		1A41FA4224229C35003CCE14 /* Sources */ = {
			isa = PBXSourcesBuildPhase;
			buildActionMask = 2147483647;
			files = (
				1A41FA7A24229CCF003CCE14 /* NoteViewController.swift in Sources */,
				1A41FA7C24229CDB003CCE14 /* EntryViewController.swift in Sources */,
				1A41FA4E24229C35003CCE14 /* ViewController.swift in Sources */,
				1A41FA4A24229C35003CCE14 /* AppDelegate.swift in Sources */,
				1A41FA4C24229C35003CCE14 /* SceneDelegate.swift in Sources */,
			);
			runOnlyForDeploymentPostprocessing = 0;
		};
		1A41FA5824229C36003CCE14 /* Sources */ = {
			isa = PBXSourcesBuildPhase;
			buildActionMask = 2147483647;
			files = (
				1A41FA6124229C36003CCE14 /* NoteAppTests.swift in Sources */,
			);
			runOnlyForDeploymentPostprocessing = 0;
		};
		1A41FA6324229C36003CCE14 /* Sources */ = {
			isa = PBXSourcesBuildPhase;
			buildActionMask = 2147483647;
			files = (
				1A41FA6C24229C36003CCE14 /* NoteAppUITests.swift in Sources */,
			);
			runOnlyForDeploymentPostprocessing = 0;
		};
/* End PBXSourcesBuildPhase section */

/* Begin PBXTargetDependency section */
		1A41FA5E24229C36003CCE14 /* PBXTargetDependency */ = {
			isa = PBXTargetDependency;
			target = 1A41FA4524229C35003CCE14 /* NoteApp */;
			targetProxy = 1A41FA5D24229C36003CCE14 /* PBXContainerItemProxy */;
		};
		1A41FA6924229C36003CCE14 /* PBXTargetDependency */ = {
			isa = PBXTargetDependency;
			target = 1A41FA4524229C35003CCE14 /* NoteApp */;
			targetProxy = 1A41FA6824229C36003CCE14 /* PBXContainerItemProxy */;
		};
/* End PBXTargetDependency section */

/* Begin PBXVariantGroup section */
		1A41FA4F24229C35003CCE14 /* Main.storyboard */ = {
			isa = PBXVariantGroup;
			children = (
				1A41FA5024229C35003CCE14 /* Base */,
			);
			name = Main.storyboard;
			sourceTree = "<group>";
		};
		1A41FA5424229C36003CCE14 /* LaunchScreen.storyboard */ = {
			isa = PBXVariantGroup;
			children = (
				1A41FA5524229C36003CCE14 /* Base */,
			);
			name = LaunchScreen.storyboard;
			sourceTree = "<group>";
		};
/* End PBXVariantGroup section */

/* Begin XCBuildConfiguration section */
		1A41FA6E24229C36003CCE14 /* Debug */ = {
			isa = XCBuildConfiguration;
			buildSettings = {
				ALWAYS_SEARCH_USER_PATHS = NO;
				CLANG_ANALYZER_NONNULL = YES;
				CLANG_ANALYZER_NUMBER_OBJECT_CONVERSION = YES_AGGRESSIVE;
				CLANG_CXX_LANGUAGE_STANDARD = "gnu++14";
				CLANG_CXX_LIBRARY = "libc++";
				CLANG_ENABLE_MODULES = YES;
				CLANG_ENABLE_OBJC_ARC = YES;
				CLANG_ENABLE_OBJC_WEAK = YES;
				CLANG_WARN_BLOCK_CAPTURE_AUTORELEASING = YES;
				CLANG_WARN_BOOL_CONVERSION = YES;
				CLANG_WARN_COMMA = YES;
				CLANG_WARN_CONSTANT_CONVERSION = YES;
				CLANG_WARN_DEPRECATED_OBJC_IMPLEMENTATIONS = YES;
				CLANG_WARN_DIRECT_OBJC_ISA_USAGE = YES_ERROR;
				CLANG_WARN_DOCUMENTATION_COMMENTS = YES;
				CLANG_WARN_EMPTY_BODY = YES;
				CLANG_WARN_ENUM_CONVERSION = YES;
				CLANG_WARN_INFINITE_RECURSION = YES;
				CLANG_WARN_INT_CONVERSION = YES;
				CLANG_WARN_NON_LITERAL_NULL_CONVERSION = YES;
				CLANG_WARN_OBJC_IMPLICIT_RETAIN_SELF = YES;
				CLANG_WARN_OBJC_LITERAL_CONVERSION = YES;
				CLANG_WARN_OBJC_ROOT_CLASS = YES_ERROR;
				CLANG_WARN_RANGE_LOOP_ANALYSIS = YES;
				CLANG_WARN_STRICT_PROTOTYPES = YES;
				CLANG_WARN_SUSPICIOUS_MOVE = YES;
				CLANG_WARN_UNGUARDED_AVAILABILITY = YES_AGGRESSIVE;
				CLANG_WARN_UNREACHABLE_CODE = YES;
				CLANG_WARN__DUPLICATE_METHOD_MATCH = YES;
				COPY_PHASE_STRIP = NO;
				DEBUG_INFORMATION_FORMAT = dwarf;
				ENABLE_STRICT_OBJC_MSGSEND = YES;
				ENABLE_TESTABILITY = YES;
				GCC_C_LANGUAGE_STANDARD = gnu11;
				GCC_DYNAMIC_NO_PIC = NO;
				GCC_NO_COMMON_BLOCKS = YES;
				GCC_OPTIMIZATION_LEVEL = 0;
				GCC_PREPROCESSOR_DEFINITIONS = (
					"DEBUG=1",
					"$(inherited)",
				);
				GCC_WARN_64_TO_32_BIT_CONVERSION = YES;
				GCC_WARN_ABOUT_RETURN_TYPE = YES_ERROR;
				GCC_WARN_UNDECLARED_SELECTOR = YES;
				GCC_WARN_UNINITIALIZED_AUTOS = YES_AGGRESSIVE;
				GCC_WARN_UNUSED_FUNCTION = YES;
				GCC_WARN_UNUSED_VARIABLE = YES;
				IPHONEOS_DEPLOYMENT_TARGET = 13.2;
				MTL_ENABLE_DEBUG_INFO = INCLUDE_SOURCE;
				MTL_FAST_MATH = YES;
				ONLY_ACTIVE_ARCH = YES;
				SDKROOT = iphoneos;
				SWIFT_ACTIVE_COMPILATION_CONDITIONS = DEBUG;
				SWIFT_OPTIMIZATION_LEVEL = "-Onone";
			};
			name = Debug;
		};
		1A41FA6F24229C36003CCE14 /* Release */ = {
			isa = XCBuildConfiguration;
			buildSettings = {
				ALWAYS_SEARCH_USER_PATHS = NO;
				CLANG_ANALYZER_NONNULL = YES;
				CLANG_ANALYZER_NUMBER_OBJECT_CONVERSION = YES_AGGRESSIVE;
				CLANG_CXX_LANGUAGE_STANDARD = "gnu++14";
				CLANG_CXX_LIBRARY = "libc++";
				CLANG_ENABLE_MODULES = YES;
				CLANG_ENABLE_OBJC_ARC = YES;
				CLANG_ENABLE_OBJC_WEAK = YES;
				CLANG_WARN_BLOCK_CAPTURE_AUTORELEASING = YES;
				CLANG_WARN_BOOL_CONVERSION = YES;
				CLANG_WARN_COMMA = YES;
				CLANG_WARN_CONSTANT_CONVERSION = YES;
				CLANG_WARN_DEPRECATED_OBJC_IMPLEMENTATIONS = YES;
				CLANG_WARN_DIRECT_OBJC_ISA_USAGE = YES_ERROR;
				CLANG_WARN_DOCUMENTATION_COMMENTS = YES;
				CLANG_WARN_EMPTY_BODY = YES;
				CLANG_WARN_ENUM_CONVERSION = YES;
				CLANG_WARN_INFINITE_RECURSION = YES;
				CLANG_WARN_INT_CONVERSION = YES;
				CLANG_WARN_NON_LITERAL_NULL_CONVERSION = YES;
				CLANG_WARN_OBJC_IMPLICIT_RETAIN_SELF = YES;
				CLANG_WARN_OBJC_LITERAL_CONVERSION = YES;
				CLANG_WARN_OBJC_ROOT_CLASS = YES_ERROR;
				CLANG_WARN_RANGE_LOOP_ANALYSIS = YES;
				CLANG_WARN_STRICT_PROTOTYPES = YES;
				CLANG_WARN_SUSPICIOUS_MOVE = YES;
				CLANG_WARN_UNGUARDED_AVAILABILITY = YES_AGGRESSIVE;
				CLANG_WARN_UNREACHABLE_CODE = YES;
				CLANG_WARN__DUPLICATE_METHOD_MATCH = YES;
				COPY_PHASE_STRIP = NO;
				DEBUG_INFORMATION_FORMAT = "dwarf-with-dsym";
				ENABLE_NS_ASSERTIONS = NO;
				ENABLE_STRICT_OBJC_MSGSEND = YES;
				GCC_C_LANGUAGE_STANDARD = gnu11;
				GCC_NO_COMMON_BLOCKS = YES;
				GCC_WARN_64_TO_32_BIT_CONVERSION = YES;
				GCC_WARN_ABOUT_RETURN_TYPE = YES_ERROR;
				GCC_WARN_UNDECLARED_SELECTOR = YES;
				GCC_WARN_UNINITIALIZED_AUTOS = YES_AGGRESSIVE;
				GCC_WARN_UNUSED_FUNCTION = YES;
				GCC_WARN_UNUSED_VARIABLE = YES;
				IPHONEOS_DEPLOYMENT_TARGET = 13.2;
				MTL_ENABLE_DEBUG_INFO = NO;
				MTL_FAST_MATH = YES;
				SDKROOT = iphoneos;
				SWIFT_COMPILATION_MODE = wholemodule;
				SWIFT_OPTIMIZATION_LEVEL = "-O";
				VALIDATE_PRODUCT = YES;
			};
			name = Release;
		};
		1A41FA7124229C36003CCE14 /* Debug */ = {
			isa = XCBuildConfiguration;
			buildSettings = {
				ASSETCATALOG_COMPILER_APPICON_NAME = AppIcon;
				CODE_SIGN_STYLE = Automatic;
				INFOPLIST_FILE = NoteApp/Info.plist;
				LD_RUNPATH_SEARCH_PATHS = (
					"$(inherited)",
					"@executable_path/Frameworks",
				);
				PRODUCT_BUNDLE_IDENTIFIER = test.NoteApp;
				PRODUCT_NAME = "$(TARGET_NAME)";
				SWIFT_VERSION = 5.0;
				TARGETED_DEVICE_FAMILY = "1,2";
			};
			name = Debug;
		};
		1A41FA7224229C36003CCE14 /* Release */ = {
			isa = XCBuildConfiguration;
			buildSettings = {
				ASSETCATALOG_COMPILER_APPICON_NAME = AppIcon;
				CODE_SIGN_STYLE = Automatic;
				INFOPLIST_FILE = NoteApp/Info.plist;
				LD_RUNPATH_SEARCH_PATHS = (
					"$(inherited)",
					"@executable_path/Frameworks",
				);
				PRODUCT_BUNDLE_IDENTIFIER = test.NoteApp;
				PRODUCT_NAME = "$(TARGET_NAME)";
				SWIFT_VERSION = 5.0;
				TARGETED_DEVICE_FAMILY = "1,2";
			};
			name = Release;
		};
		1A41FA7424229C36003CCE14 /* Debug */ = {
			isa = XCBuildConfiguration;
			buildSettings = {
				ALWAYS_EMBED_SWIFT_STANDARD_LIBRARIES = YES;
				BUNDLE_LOADER = "$(TEST_HOST)";
				CODE_SIGN_STYLE = Automatic;
				INFOPLIST_FILE = NoteAppTests/Info.plist;
				IPHONEOS_DEPLOYMENT_TARGET = 13.2;
				LD_RUNPATH_SEARCH_PATHS = (
					"$(inherited)",
					"@executable_path/Frameworks",
					"@loader_path/Frameworks",
				);
				PRODUCT_BUNDLE_IDENTIFIER = test.NoteAppTests;
				PRODUCT_NAME = "$(TARGET_NAME)";
				SWIFT_VERSION = 5.0;
				TARGETED_DEVICE_FAMILY = "1,2";
				TEST_HOST = "$(BUILT_PRODUCTS_DIR)/NoteApp.app/NoteApp";
			};
			name = Debug;
		};
		1A41FA7524229C36003CCE14 /* Release */ = {
			isa = XCBuildConfiguration;
			buildSettings = {
				ALWAYS_EMBED_SWIFT_STANDARD_LIBRARIES = YES;
				BUNDLE_LOADER = "$(TEST_HOST)";
				CODE_SIGN_STYLE = Automatic;
				INFOPLIST_FILE = NoteAppTests/Info.plist;
				IPHONEOS_DEPLOYMENT_TARGET = 13.2;
				LD_RUNPATH_SEARCH_PATHS = (
					"$(inherited)",
					"@executable_path/Frameworks",
					"@loader_path/Frameworks",
				);
				PRODUCT_BUNDLE_IDENTIFIER = test.NoteAppTests;
				PRODUCT_NAME = "$(TARGET_NAME)";
				SWIFT_VERSION = 5.0;
				TARGETED_DEVICE_FAMILY = "1,2";
				TEST_HOST = "$(BUILT_PRODUCTS_DIR)/NoteApp.app/NoteApp";
			};
			name = Release;
		};
		1A41FA7724229C36003CCE14 /* Debug */ = {
			isa = XCBuildConfiguration;
			buildSettings = {
				ALWAYS_EMBED_SWIFT_STANDARD_LIBRARIES = YES;
				CODE_SIGN_STYLE = Automatic;
				INFOPLIST_FILE = NoteAppUITests/Info.plist;
				LD_RUNPATH_SEARCH_PATHS = (
					"$(inherited)",
					"@executable_path/Frameworks",
					"@loader_path/Frameworks",
				);
				PRODUCT_BUNDLE_IDENTIFIER = test.NoteAppUITests;
				PRODUCT_NAME = "$(TARGET_NAME)";
				SWIFT_VERSION = 5.0;
				TARGETED_DEVICE_FAMILY = "1,2";
				TEST_TARGET_NAME = NoteApp;
			};
			name = Debug;
		};
		1A41FA7824229C36003CCE14 /* Release */ = {
			isa = XCBuildConfiguration;
			buildSettings = {
				ALWAYS_EMBED_SWIFT_STANDARD_LIBRARIES = YES;
				CODE_SIGN_STYLE = Automatic;
				INFOPLIST_FILE = NoteAppUITests/Info.plist;
				LD_RUNPATH_SEARCH_PATHS = (
					"$(inherited)",
					"@executable_path/Frameworks",
					"@loader_path/Frameworks",
				);
				PRODUCT_BUNDLE_IDENTIFIER = test.NoteAppUITests;
				PRODUCT_NAME = "$(TARGET_NAME)";
				SWIFT_VERSION = 5.0;
				TARGETED_DEVICE_FAMILY = "1,2";
				TEST_TARGET_NAME = NoteApp;
			};
			name = Release;
		};
/* End XCBuildConfiguration section */

/* Begin XCConfigurationList section */
		1A41FA4124229C35003CCE14 /* Build configuration list for PBXProject "NoteApp" */ = {
			isa = XCConfigurationList;
			buildConfigurations = (
				1A41FA6E24229C36003CCE14 /* Debug */,
				1A41FA6F24229C36003CCE14 /* Release */,
			);
			defaultConfigurationIsVisible = 0;
			defaultConfigurationName = Release;
		};
		1A41FA7024229C36003CCE14 /* Build configuration list for PBXNativeTarget "NoteApp" */ = {
			isa = XCConfigurationList;
			buildConfigurations = (
				1A41FA7124229C36003CCE14 /* Debug */,
				1A41FA7224229C36003CCE14 /* Release */,
			);
			defaultConfigurationIsVisible = 0;
			defaultConfigurationName = Release;
		};
		1A41FA7324229C36003CCE14 /* Build configuration list for PBXNativeTarget "NoteAppTests" */ = {
			isa = XCConfigurationList;
			buildConfigurations = (
				1A41FA7424229C36003CCE14 /* Debug */,
				1A41FA7524229C36003CCE14 /* Release */,
			);
			defaultConfigurationIsVisible = 0;
			defaultConfigurationName = Release;
		};
		1A41FA7624229C36003CCE14 /* Build configuration list for PBXNativeTarget "NoteAppUITests" */ = {
			isa = XCConfigurationList;
			buildConfigurations = (
				1A41FA7724229C36003CCE14 /* Debug */,
				1A41FA7824229C36003CCE14 /* Release */,
			);
			defaultConfigurationIsVisible = 0;
			defaultConfigurationName = Release;
		};
/* End XCConfigurationList section */
	};
	rootObject = 1A41FA3E24229C35003CCE14 /* Project object */;
}
